
Microsoft Visual Studio Solution File, Format Version 12.00
# Visual Studio 2013
VisualStudioVersion = 12.0.21005.1
MinimumVisualStudioVersion = 10.0.40219.1
Project("{FAE04EC0-301F-11D3-BF4B-00C04F79EFBC}") = "TeamCityTester", "TeamCityTester\TeamCityTester.csproj", "{954EC08A-3EEB-43F5-88AE-7027FB007941}"
EndProject
Project("{FAE04EC0-301F-11D3-BF4B-00C04F79EFBC}") = "TeamCityTester.Tests", "..\..\..\Documents\Visual Studio 2013\Projects\TeamCityTester\TeamCityTester.Tests\TeamCityTester.Tests.csproj", "{BA9A4383-5BD0-4784-A859-1328F3AA3836}"
EndProject
Global
	GlobalSection(SolutionConfigurationPlatforms) = preSolution
		Debug|Any CPU = Debug|Any CPU
		Release|Any CPU = Release|Any CPU
	EndGlobalSection
	GlobalSection(ProjectConfigurationPlatforms) = postSolution
		{954EC08A-3EEB-43F5-88AE-7027FB007941}.Debug|Any CPU.ActiveCfg = Debug|Any CPU
		{954EC08A-3EEB-43F5-88AE-7027FB007941}.Debug|Any CPU.Build.0 = Debug|Any CPU
		{954EC08A-3EEB-43F5-88AE-7027FB007941}.Release|Any CPU.ActiveCfg = Release|Any CPU
		{954EC08A-3EEB-43F5-88AE-7027FB007941}.Release|Any CPU.Build.0 = Release|Any CPU
		{BA9A4383-5BD0-4784-A859-1328F3AA3836}.Debug|Any CPU.ActiveCfg = Debug|Any CPU
		{BA9A4383-5BD0-4784-A859-1328F3AA3836}.Debug|Any CPU.Build.0 = Debug|Any CPU
		{BA9A4383-5BD0-4784-A859-1328F3AA3836}.Release|Any CPU.ActiveCfg = Release|Any CPU
		{BA9A4383-5BD0-4784-A859-1328F3AA3836}.Release|Any CPU.Build.0 = Release|Any CPU
	EndGlobalSection
	GlobalSection(SolutionProperties) = preSolution
		HideSolutionNode = FALSE
	EndGlobalSection
EndGlobal
